// !$*UTF8*$!
{
	archiveVersion = 1;
	classes = {
	};
	objectVersion = 46;
	objects = {

/* Begin PBXBuildFile section */
		AAFA67A91BB86405009BD1BD /* AppDelegate.swift in Sources */ = {isa = PBXBuildFile; fileRef = AAFA67A81BB86405009BD1BD /* AppDelegate.swift */; };
		AAFA67AB1BB86405009BD1BD /* MealViewController.swift in Sources */ = {isa = PBXBuildFile; fileRef = AAFA67AA1BB86405009BD1BD /* MealViewController.swift */; };
		AAFA67AE1BB86405009BD1BD /* Main.storyboard in Resources */ = {isa = PBXBuildFile; fileRef = AAFA67AC1BB86405009BD1BD /* Main.storyboard */; };
		AAFA67B01BB86405009BD1BD /* Assets.xcassets in Resources */ = {isa = PBXBuildFile; fileRef = AAFA67AF1BB86405009BD1BD /* Assets.xcassets */; };
		AAFA67B31BB86405009BD1BD /* LaunchScreen.storyboard in Resources */ = {isa = PBXBuildFile; fileRef = AAFA67B11BB86405009BD1BD /* LaunchScreen.storyboard */; };
		AAFA67BE1BB86405009BD1BD /* FoodTrackerTests.swift in Sources */ = {isa = PBXBuildFile; fileRef = AAFA67BD1BB86405009BD1BD /* FoodTrackerTests.swift */; };
		AAFA67C91BB89FBF009BD1BD /* RatingControl.swift in Sources */ = {isa = PBXBuildFile; fileRef = AAFA67C81BB89FBF009BD1BD /* RatingControl.swift */; settings = {ASSET_TAGS = (); }; };
		AAFA67CB1BB8B459009BD1BD /* Meal.swift in Sources */ = {isa = PBXBuildFile; fileRef = AAFA67CA1BB8B459009BD1BD /* Meal.swift */; settings = {ASSET_TAGS = (); }; };
		AAFA67CC1BB8B459009BD1BD /* Meal.swift in Sources */ = {isa = PBXBuildFile; fileRef = AAFA67CA1BB8B459009BD1BD /* Meal.swift */; settings = {ASSET_TAGS = (); }; };
		AAFA67CE1BB8BAB5009BD1BD /* MealTableViewCell.swift in Sources */ = {isa = PBXBuildFile; fileRef = AAFA67CD1BB8BAB5009BD1BD /* MealTableViewCell.swift */; settings = {ASSET_TAGS = (); }; };
		AAFA67CF1BB8BAB5009BD1BD /* MealTableViewCell.swift in Sources */ = {isa = PBXBuildFile; fileRef = AAFA67CD1BB8BAB5009BD1BD /* MealTableViewCell.swift */; settings = {ASSET_TAGS = (); }; };
		AAFA67D11BB8BEF4009BD1BD /* MealTableViewController.swift in Sources */ = {isa = PBXBuildFile; fileRef = AAFA67D01BB8BEF4009BD1BD /* MealTableViewController.swift */; settings = {ASSET_TAGS = (); }; };
		AAFA67D21BB8BEF4009BD1BD /* MealTableViewController.swift in Sources */ = {isa = PBXBuildFile; fileRef = AAFA67D01BB8BEF4009BD1BD /* MealTableViewController.swift */; settings = {ASSET_TAGS = (); }; };
		AAFA67D51BB9CFE0009BD1BD /* Bolts.framework in Frameworks */ = {isa = PBXBuildFile; fileRef = AAFA67D31BB9CFE0009BD1BD /* Bolts.framework */; settings = {ASSET_TAGS = (); }; };
		AAFA67D61BB9CFE0009BD1BD /* Parse.framework in Frameworks */ = {isa = PBXBuildFile; fileRef = AAFA67D41BB9CFE0009BD1BD /* Parse.framework */; settings = {ASSET_TAGS = (); }; };
		AAFA67DF1BB9D07D009BD1BD /* AudioToolbox.framework in Frameworks */ = {isa = PBXBuildFile; fileRef = AAFA67D71BB9D07D009BD1BD /* AudioToolbox.framework */; };
		AAFA67E01BB9D07D009BD1BD /* CFNetwork.framework in Frameworks */ = {isa = PBXBuildFile; fileRef = AAFA67D81BB9D07D009BD1BD /* CFNetwork.framework */; };
		AAFA67E11BB9D07D009BD1BD /* CoreGraphics.framework in Frameworks */ = {isa = PBXBuildFile; fileRef = AAFA67D91BB9D07D009BD1BD /* CoreGraphics.framework */; };
		AAFA67E21BB9D07D009BD1BD /* CoreLocation.framework in Frameworks */ = {isa = PBXBuildFile; fileRef = AAFA67DA1BB9D07D009BD1BD /* CoreLocation.framework */; };
		AAFA67E31BB9D07D009BD1BD /* QuartzCore.framework in Frameworks */ = {isa = PBXBuildFile; fileRef = AAFA67DB1BB9D07D009BD1BD /* QuartzCore.framework */; };
		AAFA67E41BB9D07D009BD1BD /* Security.framework in Frameworks */ = {isa = PBXBuildFile; fileRef = AAFA67DC1BB9D07D009BD1BD /* Security.framework */; };
		AAFA67E51BB9D07D009BD1BD /* StoreKit.framework in Frameworks */ = {isa = PBXBuildFile; fileRef = AAFA67DD1BB9D07D009BD1BD /* StoreKit.framework */; };
		AAFA67E61BB9D07D009BD1BD /* SystemConfiguration.framework in Frameworks */ = {isa = PBXBuildFile; fileRef = AAFA67DE1BB9D07D009BD1BD /* SystemConfiguration.framework */; };
		AAFA67E81BB9D57D009BD1BD /* APIKeys.swift in Sources */ = {isa = PBXBuildFile; fileRef = AAFA67E71BB9D57D009BD1BD /* APIKeys.swift */; settings = {ASSET_TAGS = (); }; };
		E62D4CB68242D37128E7FB3D /* Pods.framework in Frameworks */ = {isa = PBXBuildFile; fileRef = 47F0D1BBD47722F005BEB405 /* Pods.framework */; settings = {ATTRIBUTES = (Weak, ); }; };
/* End PBXBuildFile section */

/* Begin PBXContainerItemProxy section */
		AAFA67BA1BB86405009BD1BD /* PBXContainerItemProxy */ = {
			isa = PBXContainerItemProxy;
			containerPortal = AAFA679D1BB86405009BD1BD /* Project object */;
			proxyType = 1;
			remoteGlobalIDString = AAFA67A41BB86405009BD1BD;
			remoteInfo = FoodTracker;
		};
/* End PBXContainerItemProxy section */

/* Begin PBXFileReference section */
		47F0D1BBD47722F005BEB405 /* Pods.framework */ = {isa = PBXFileReference; explicitFileType = wrapper.framework; includeInIndex = 0; path = Pods.framework; sourceTree = BUILT_PRODUCTS_DIR; };
		5536AA486156A7325F231D43 /* Pods.release.xcconfig */ = {isa = PBXFileReference; includeInIndex = 1; lastKnownFileType = text.xcconfig; name = Pods.release.xcconfig; path = "Pods/Target Support Files/Pods/Pods.release.xcconfig"; sourceTree = "<group>"; };
		AAFA67A51BB86405009BD1BD /* FoodTracker.app */ = {isa = PBXFileReference; explicitFileType = wrapper.application; includeInIndex = 0; path = FoodTracker.app; sourceTree = BUILT_PRODUCTS_DIR; };
		AAFA67A81BB86405009BD1BD /* AppDelegate.swift */ = {isa = PBXFileReference; lastKnownFileType = sourcecode.swift; path = AppDelegate.swift; sourceTree = "<group>"; };
		AAFA67AA1BB86405009BD1BD /* MealViewController.swift */ = {isa = PBXFileReference; lastKnownFileType = sourcecode.swift; path = MealViewController.swift; sourceTree = "<group>"; };
		AAFA67AD1BB86405009BD1BD /* Base */ = {isa = PBXFileReference; lastKnownFileType = file.storyboard; name = Base; path = Base.lproj/Main.storyboard; sourceTree = "<group>"; };
		AAFA67AF1BB86405009BD1BD /* Assets.xcassets */ = {isa = PBXFileReference; lastKnownFileType = folder.assetcatalog; path = Assets.xcassets; sourceTree = "<group>"; };
		AAFA67B21BB86405009BD1BD /* Base */ = {isa = PBXFileReference; lastKnownFileType = file.storyboard; name = Base; path = Base.lproj/LaunchScreen.storyboard; sourceTree = "<group>"; };
		AAFA67B41BB86405009BD1BD /* Info.plist */ = {isa = PBXFileReference; lastKnownFileType = text.plist.xml; path = Info.plist; sourceTree = "<group>"; };
		AAFA67B91BB86405009BD1BD /* FoodTrackerTests.xctest */ = {isa = PBXFileReference; explicitFileType = wrapper.cfbundle; includeInIndex = 0; path = FoodTrackerTests.xctest; sourceTree = BUILT_PRODUCTS_DIR; };
		AAFA67BD1BB86405009BD1BD /* FoodTrackerTests.swift */ = {isa = PBXFileReference; lastKnownFileType = sourcecode.swift; path = FoodTrackerTests.swift; sourceTree = "<group>"; };
		AAFA67BF1BB86405009BD1BD /* Info.plist */ = {isa = PBXFileReference; lastKnownFileType = text.plist.xml; path = Info.plist; sourceTree = "<group>"; };
		AAFA67C81BB89FBF009BD1BD /* RatingControl.swift */ = {isa = PBXFileReference; fileEncoding = 4; lastKnownFileType = sourcecode.swift; path = RatingControl.swift; sourceTree = "<group>"; };
		AAFA67CA1BB8B459009BD1BD /* Meal.swift */ = {isa = PBXFileReference; fileEncoding = 4; lastKnownFileType = sourcecode.swift; path = Meal.swift; sourceTree = "<group>"; };
		AAFA67CD1BB8BAB5009BD1BD /* MealTableViewCell.swift */ = {isa = PBXFileReference; fileEncoding = 4; lastKnownFileType = sourcecode.swift; path = MealTableViewCell.swift; sourceTree = "<group>"; };
		AAFA67D01BB8BEF4009BD1BD /* MealTableViewController.swift */ = {isa = PBXFileReference; fileEncoding = 4; lastKnownFileType = sourcecode.swift; path = MealTableViewController.swift; sourceTree = "<group>"; };
		AAFA67D31BB9CFE0009BD1BD /* Bolts.framework */ = {isa = PBXFileReference; lastKnownFileType = wrapper.framework; path = Bolts.framework; sourceTree = "<group>"; };
		AAFA67D41BB9CFE0009BD1BD /* Parse.framework */ = {isa = PBXFileReference; lastKnownFileType = wrapper.framework; path = Parse.framework; sourceTree = "<group>"; };
		AAFA67D71BB9D07D009BD1BD /* AudioToolbox.framework */ = {isa = PBXFileReference; lastKnownFileType = wrapper.framework; name = AudioToolbox.framework; path = System/Library/Frameworks/AudioToolbox.framework; sourceTree = SDKROOT; };
		AAFA67D81BB9D07D009BD1BD /* CFNetwork.framework */ = {isa = PBXFileReference; lastKnownFileType = wrapper.framework; name = CFNetwork.framework; path = System/Library/Frameworks/CFNetwork.framework; sourceTree = SDKROOT; };
		AAFA67D91BB9D07D009BD1BD /* CoreGraphics.framework */ = {isa = PBXFileReference; lastKnownFileType = wrapper.framework; name = CoreGraphics.framework; path = System/Library/Frameworks/CoreGraphics.framework; sourceTree = SDKROOT; };
		AAFA67DA1BB9D07D009BD1BD /* CoreLocation.framework */ = {isa = PBXFileReference; lastKnownFileType = wrapper.framework; name = CoreLocation.framework; path = System/Library/Frameworks/CoreLocation.framework; sourceTree = SDKROOT; };
		AAFA67DB1BB9D07D009BD1BD /* QuartzCore.framework */ = {isa = PBXFileReference; lastKnownFileType = wrapper.framework; name = QuartzCore.framework; path = System/Library/Frameworks/QuartzCore.framework; sourceTree = SDKROOT; };
		AAFA67DC1BB9D07D009BD1BD /* Security.framework */ = {isa = PBXFileReference; lastKnownFileType = wrapper.framework; name = Security.framework; path = System/Library/Frameworks/Security.framework; sourceTree = SDKROOT; };
		AAFA67DD1BB9D07D009BD1BD /* StoreKit.framework */ = {isa = PBXFileReference; lastKnownFileType = wrapper.framework; name = StoreKit.framework; path = System/Library/Frameworks/StoreKit.framework; sourceTree = SDKROOT; };
		AAFA67DE1BB9D07D009BD1BD /* SystemConfiguration.framework */ = {isa = PBXFileReference; lastKnownFileType = wrapper.framework; name = SystemConfiguration.framework; path = System/Library/Frameworks/SystemConfiguration.framework; sourceTree = SDKROOT; };
		AAFA67E71BB9D57D009BD1BD /* APIKeys.swift */ = {isa = PBXFileReference; fileEncoding = 4; lastKnownFileType = sourcecode.swift; name = APIKeys.swift; path = ../APIKeys.swift; sourceTree = "<group>"; };
		E7EFBCA2DB8EABDB2C54F99D /* Pods.debug.xcconfig */ = {isa = PBXFileReference; includeInIndex = 1; lastKnownFileType = text.xcconfig; name = Pods.debug.xcconfig; path = "Pods/Target Support Files/Pods/Pods.debug.xcconfig"; sourceTree = "<group>"; };
/* End PBXFileReference section */

/* Begin PBXFrameworksBuildPhase section */
		AAFA67A21BB86405009BD1BD /* Frameworks */ = {
			isa = PBXFrameworksBuildPhase;
			buildActionMask = 2147483647;
			files = (
				AAFA67DF1BB9D07D009BD1BD /* AudioToolbox.framework in Frameworks */,
				AAFA67E01BB9D07D009BD1BD /* CFNetwork.framework in Frameworks */,
				AAFA67E11BB9D07D009BD1BD /* CoreGraphics.framework in Frameworks */,
				AAFA67E21BB9D07D009BD1BD /* CoreLocation.framework in Frameworks */,
				AAFA67E31BB9D07D009BD1BD /* QuartzCore.framework in Frameworks */,
				AAFA67E41BB9D07D009BD1BD /* Security.framework in Frameworks */,
				AAFA67E51BB9D07D009BD1BD /* StoreKit.framework in Frameworks */,
				AAFA67E61BB9D07D009BD1BD /* SystemConfiguration.framework in Frameworks */,
				E62D4CB68242D37128E7FB3D /* Pods.framework in Frameworks */,
				AAFA67D61BB9CFE0009BD1BD /* Parse.framework in Frameworks */,
				AAFA67D51BB9CFE0009BD1BD /* Bolts.framework in Frameworks */,
			);
			runOnlyForDeploymentPostprocessing = 0;
		};
		AAFA67B61BB86405009BD1BD /* Frameworks */ = {
			isa = PBXFrameworksBuildPhase;
			buildActionMask = 2147483647;
			files = (
			);
			runOnlyForDeploymentPostprocessing = 0;
		};
/* End PBXFrameworksBuildPhase section */

/* Begin PBXGroup section */
		AAFA679C1BB86405009BD1BD = {
			isa = PBXGroup;
			children = (
				AAFA67D31BB9CFE0009BD1BD /* Bolts.framework */,
				AAFA67D41BB9CFE0009BD1BD /* Parse.framework */,
				AAFA67A71BB86405009BD1BD /* FoodTracker */,
				AAFA67BC1BB86405009BD1BD /* FoodTrackerTests */,
				AAFA67A61BB86405009BD1BD /* Products */,
				BF3D17D21E91D16B65B4ACCA /* Pods */,
				C649F54FA5578B06B64CB748 /* Frameworks */,
			);
			sourceTree = "<group>";
		};
		AAFA67A61BB86405009BD1BD /* Products */ = {
			isa = PBXGroup;
			children = (
				AAFA67A51BB86405009BD1BD /* FoodTracker.app */,
				AAFA67B91BB86405009BD1BD /* FoodTrackerTests.xctest */,
			);
			name = Products;
			sourceTree = "<group>";
		};
		AAFA67A71BB86405009BD1BD /* FoodTracker */ = {
			isa = PBXGroup;
			children = (
				AAFA67A81BB86405009BD1BD /* AppDelegate.swift */,
				AAFA67AA1BB86405009BD1BD /* MealViewController.swift */,
				AAFA67D01BB8BEF4009BD1BD /* MealTableViewController.swift */,
				AAFA67C81BB89FBF009BD1BD /* RatingControl.swift */,
				AAFA67CA1BB8B459009BD1BD /* Meal.swift */,
				AAFA67CD1BB8BAB5009BD1BD /* MealTableViewCell.swift */,
				AAFA67AC1BB86405009BD1BD /* Main.storyboard */,
				AAFA67AF1BB86405009BD1BD /* Assets.xcassets */,
				AAFA67B11BB86405009BD1BD /* LaunchScreen.storyboard */,
				AAFA67B41BB86405009BD1BD /* Info.plist */,
				AAFA67E71BB9D57D009BD1BD /* APIKeys.swift */,
			);
			path = FoodTracker;
			sourceTree = "<group>";
		};
		AAFA67BC1BB86405009BD1BD /* FoodTrackerTests */ = {
			isa = PBXGroup;
			children = (
				AAFA67BD1BB86405009BD1BD /* FoodTrackerTests.swift */,
				AAFA67BF1BB86405009BD1BD /* Info.plist */,
			);
			path = FoodTrackerTests;
			sourceTree = "<group>";
		};
		BF3D17D21E91D16B65B4ACCA /* Pods */ = {
			isa = PBXGroup;
			children = (
				E7EFBCA2DB8EABDB2C54F99D /* Pods.debug.xcconfig */,
				5536AA486156A7325F231D43 /* Pods.release.xcconfig */,
			);
			name = Pods;
			sourceTree = "<group>";
		};
		C649F54FA5578B06B64CB748 /* Frameworks */ = {
			isa = PBXGroup;
			children = (
				AAFA67D71BB9D07D009BD1BD /* AudioToolbox.framework */,
				AAFA67D81BB9D07D009BD1BD /* CFNetwork.framework */,
				AAFA67D91BB9D07D009BD1BD /* CoreGraphics.framework */,
				AAFA67DA1BB9D07D009BD1BD /* CoreLocation.framework */,
				AAFA67DB1BB9D07D009BD1BD /* QuartzCore.framework */,
				AAFA67DC1BB9D07D009BD1BD /* Security.framework */,
				AAFA67DD1BB9D07D009BD1BD /* StoreKit.framework */,
				AAFA67DE1BB9D07D009BD1BD /* SystemConfiguration.framework */,
				47F0D1BBD47722F005BEB405 /* Pods.framework */,
			);
			name = Frameworks;
			sourceTree = "<group>";
		};
/* End PBXGroup section */

/* Begin PBXNativeTarget section */
		AAFA67A41BB86405009BD1BD /* FoodTracker */ = {
			isa = PBXNativeTarget;
			buildConfigurationList = AAFA67C21BB86405009BD1BD /* Build configuration list for PBXNativeTarget "FoodTracker" */;
			buildPhases = (
				3A5D0A88FB9B44559DAD30D4 /* Check Pods Manifest.lock */,
				AAFA67A11BB86405009BD1BD /* Sources */,
				AAFA67A21BB86405009BD1BD /* Frameworks */,
				AAFA67A31BB86405009BD1BD /* Resources */,
				B945C267EDFEDCBB50B37585 /* Embed Pods Frameworks */,
				D82F84BF5E8A9D5230951EB0 /* Copy Pods Resources */,
			);
			buildRules = (
			);
			dependencies = (
			);
			name = FoodTracker;
			productName = FoodTracker;
			productReference = AAFA67A51BB86405009BD1BD /* FoodTracker.app */;
			productType = "com.apple.product-type.application";
		};
		AAFA67B81BB86405009BD1BD /* FoodTrackerTests */ = {
			isa = PBXNativeTarget;
			buildConfigurationList = AAFA67C51BB86405009BD1BD /* Build configuration list for PBXNativeTarget "FoodTrackerTests" */;
			buildPhases = (
				AAFA67B51BB86405009BD1BD /* Sources */,
				AAFA67B61BB86405009BD1BD /* Frameworks */,
				AAFA67B71BB86405009BD1BD /* Resources */,
			);
			buildRules = (
			);
			dependencies = (
				AAFA67BB1BB86405009BD1BD /* PBXTargetDependency */,
			);
			name = FoodTrackerTests;
			productName = FoodTrackerTests;
			productReference = AAFA67B91BB86405009BD1BD /* FoodTrackerTests.xctest */;
			productType = "com.apple.product-type.bundle.unit-test";
		};
/* End PBXNativeTarget section */

/* Begin PBXProject section */
		AAFA679D1BB86405009BD1BD /* Project object */ = {
			isa = PBXProject;
			attributes = {
				LastUpgradeCheck = 0700;
				ORGANIZATIONNAME = KatieExpatriated;
				TargetAttributes = {
					AAFA67A41BB86405009BD1BD = {
						CreatedOnToolsVersion = 7.0;
					};
					AAFA67B81BB86405009BD1BD = {
						CreatedOnToolsVersion = 7.0;
						TestTargetID = AAFA67A41BB86405009BD1BD;
					};
				};
			};
			buildConfigurationList = AAFA67A01BB86405009BD1BD /* Build configuration list for PBXProject "FoodTracker" */;
			compatibilityVersion = "Xcode 3.2";
			developmentRegion = English;
			hasScannedForEncodings = 0;
			knownRegions = (
				en,
				Base,
			);
			mainGroup = AAFA679C1BB86405009BD1BD;
			productRefGroup = AAFA67A61BB86405009BD1BD /* Products */;
			projectDirPath = "";
			projectRoot = "";
			targets = (
				AAFA67A41BB86405009BD1BD /* FoodTracker */,
				AAFA67B81BB86405009BD1BD /* FoodTrackerTests */,
			);
		};
/* End PBXProject section */

/* Begin PBXResourcesBuildPhase section */
		AAFA67A31BB86405009BD1BD /* Resources */ = {
			isa = PBXResourcesBuildPhase;
			buildActionMask = 2147483647;
			files = (
				AAFA67B31BB86405009BD1BD /* LaunchScreen.storyboard in Resources */,
				AAFA67B01BB86405009BD1BD /* Assets.xcassets in Resources */,
				AAFA67AE1BB86405009BD1BD /* Main.storyboard in Resources */,
			);
			runOnlyForDeploymentPostprocessing = 0;
		};
		AAFA67B71BB86405009BD1BD /* Resources */ = {
			isa = PBXResourcesBuildPhase;
			buildActionMask = 2147483647;
			files = (
			);
			runOnlyForDeploymentPostprocessing = 0;
		};
/* End PBXResourcesBuildPhase section */

/* Begin PBXShellScriptBuildPhase section */
		3A5D0A88FB9B44559DAD30D4 /* Check Pods Manifest.lock */ = {
			isa = PBXShellScriptBuildPhase;
			buildActionMask = 2147483647;
			files = (
			);
			inputPaths = (
			);
			name = "Check Pods Manifest.lock";
			outputPaths = (
			);
			runOnlyForDeploymentPostprocessing = 0;
			shellPath = /bin/sh;
			shellScript = "diff \"${PODS_ROOT}/../Podfile.lock\" \"${PODS_ROOT}/Manifest.lock\" > /dev/null\nif [[ $? != 0 ]] ; then\n    cat << EOM\nerror: The sandbox is not in sync with the Podfile.lock. Run 'pod install' or update your CocoaPods installation.\nEOM\n    exit 1\nfi\n";
			showEnvVarsInLog = 0;
		};
		B945C267EDFEDCBB50B37585 /* Embed Pods Frameworks */ = {
			isa = PBXShellScriptBuildPhase;
			buildActionMask = 2147483647;
			files = (
			);
			inputPaths = (
			);
			name = "Embed Pods Frameworks";
			outputPaths = (
			);
			runOnlyForDeploymentPostprocessing = 0;
			shellPath = /bin/sh;
			shellScript = "\"${SRCROOT}/Pods/Target Support Files/Pods/Pods-frameworks.sh\"\n";
			showEnvVarsInLog = 0;
		};
		D82F84BF5E8A9D5230951EB0 /* Copy Pods Resources */ = {
			isa = PBXShellScriptBuildPhase;
			buildActionMask = 2147483647;
			files = (
			);
			inputPaths = (
			);
			name = "Copy Pods Resources";
			outputPaths = (
			);
			runOnlyForDeploymentPostprocessing = 0;
			shellPath = /bin/sh;
			shellScript = "\"${SRCROOT}/Pods/Target Support Files/Pods/Pods-resources.sh\"\n";
			showEnvVarsInLog = 0;
		};
/* End PBXShellScriptBuildPhase section */

/* Begin PBXSourcesBuildPhase section */
		AAFA67A11BB86405009BD1BD /* Sources */ = {
			isa = PBXSourcesBuildPhase;
			buildActionMask = 2147483647;
			files = (
				AAFA67CB1BB8B459009BD1BD /* Meal.swift in Sources */,
				AAFA67AB1BB86405009BD1BD /* MealViewController.swift in Sources */,
				AAFA67E81BB9D57D009BD1BD /* APIKeys.swift in Sources */,
				AAFA67C91BB89FBF009BD1BD /* RatingControl.swift in Sources */,
				AAFA67A91BB86405009BD1BD /* AppDelegate.swift in Sources */,
				AAFA67D11BB8BEF4009BD1BD /* MealTableViewController.swift in Sources */,
				AAFA67CE1BB8BAB5009BD1BD /* MealTableViewCell.swift in Sources */,
			);
			runOnlyForDeploymentPostprocessing = 0;
		};
		AAFA67B51BB86405009BD1BD /* Sources */ = {
			isa = PBXSourcesBuildPhase;
			buildActionMask = 2147483647;
			files = (
				AAFA67CC1BB8B459009BD1BD /* Meal.swift in Sources */,
				AAFA67BE1BB86405009BD1BD /* FoodTrackerTests.swift in Sources */,
				AAFA67D21BB8BEF4009BD1BD /* MealTableViewController.swift in Sources */,
				AAFA67CF1BB8BAB5009BD1BD /* MealTableViewCell.swift in Sources */,
			);
			runOnlyForDeploymentPostprocessing = 0;
		};
/* End PBXSourcesBuildPhase section */

/* Begin PBXTargetDependency section */
		AAFA67BB1BB86405009BD1BD /* PBXTargetDependency */ = {
			isa = PBXTargetDependency;
			target = AAFA67A41BB86405009BD1BD /* FoodTracker */;
			targetProxy = AAFA67BA1BB86405009BD1BD /* PBXContainerItemProxy */;
		};
/* End PBXTargetDependency section */

/* Begin PBXVariantGroup section */
		AAFA67AC1BB86405009BD1BD /* Main.storyboard */ = {
			isa = PBXVariantGroup;
			children = (
				AAFA67AD1BB86405009BD1BD /* Base */,
			);
			name = Main.storyboard;
			sourceTree = "<group>";
		};
		AAFA67B11BB86405009BD1BD /* LaunchScreen.storyboard */ = {
			isa = PBXVariantGroup;
			children = (
				AAFA67B21BB86405009BD1BD /* Base */,
			);
			name = LaunchScreen.storyboard;
			sourceTree = "<group>";
		};
/* End PBXVariantGroup section */

/* Begin XCBuildConfiguration section */
		AAFA67C01BB86405009BD1BD /* Debug */ = {
			isa = XCBuildConfiguration;
			buildSettings = {
				ALWAYS_SEARCH_USER_PATHS = NO;
				CLANG_CXX_LANGUAGE_STANDARD = "gnu++0x";
				CLANG_CXX_LIBRARY = "libc++";
				CLANG_ENABLE_MODULES = YES;
				CLANG_ENABLE_OBJC_ARC = YES;
				CLANG_WARN_BOOL_CONVERSION = YES;
				CLANG_WARN_CONSTANT_CONVERSION = YES;
				CLANG_WARN_DIRECT_OBJC_ISA_USAGE = YES_ERROR;
				CLANG_WARN_EMPTY_BODY = YES;
				CLANG_WARN_ENUM_CONVERSION = YES;
				CLANG_WARN_INT_CONVERSION = YES;
				CLANG_WARN_OBJC_ROOT_CLASS = YES_ERROR;
				CLANG_WARN_UNREACHABLE_CODE = YES;
				CLANG_WARN__DUPLICATE_METHOD_MATCH = YES;
				"CODE_SIGN_IDENTITY[sdk=iphoneos*]" = "iPhone Developer";
				COPY_PHASE_STRIP = NO;
				DEBUG_INFORMATION_FORMAT = dwarf;
				ENABLE_STRICT_OBJC_MSGSEND = YES;
				ENABLE_TESTABILITY = YES;
				GCC_C_LANGUAGE_STANDARD = gnu99;
				GCC_DYNAMIC_NO_PIC = NO;
				GCC_NO_COMMON_BLOCKS = YES;
				GCC_OPTIMIZATION_LEVEL = 0;
				GCC_PREPROCESSOR_DEFINITIONS = (
					"DEBUG=1",
					"$(inherited)",
				);
				GCC_WARN_64_TO_32_BIT_CONVERSION = YES;
				GCC_WARN_ABOUT_RETURN_TYPE = YES_ERROR;
				GCC_WARN_UNDECLARED_SELECTOR = YES;
				GCC_WARN_UNINITIALIZED_AUTOS = YES_AGGRESSIVE;
				GCC_WARN_UNUSED_FUNCTION = YES;
				GCC_WARN_UNUSED_VARIABLE = YES;
				IPHONEOS_DEPLOYMENT_TARGET = 9.0;
				MTL_ENABLE_DEBUG_INFO = YES;
				ONLY_ACTIVE_ARCH = YES;
				SDKROOT = iphoneos;
				SWIFT_OPTIMIZATION_LEVEL = "-Onone";
				TARGETED_DEVICE_FAMILY = "1,2";
			};
			name = Debug;
		};
		AAFA67C11BB86405009BD1BD /* Release */ = {
			isa = XCBuildConfiguration;
			buildSettings = {
				ALWAYS_SEARCH_USER_PATHS = NO;
				CLANG_CXX_LANGUAGE_STANDARD = "gnu++0x";
				CLANG_CXX_LIBRARY = "libc++";
				CLANG_ENABLE_MODULES = YES;
				CLANG_ENABLE_OBJC_ARC = YES;
				CLANG_WARN_BOOL_CONVERSION = YES;
				CLANG_WARN_CONSTANT_CONVERSION = YES;
				CLANG_WARN_DIRECT_OBJC_ISA_USAGE = YES_ERROR;
				CLANG_WARN_EMPTY_BODY = YES;
				CLANG_WARN_ENUM_CONVERSION = YES;
				CLANG_WARN_INT_CONVERSION = YES;
				CLANG_WARN_OBJC_ROOT_CLASS = YES_ERROR;
				CLANG_WARN_UNREACHABLE_CODE = YES;
				CLANG_WARN__DUPLICATE_METHOD_MATCH = YES;
				"CODE_SIGN_IDENTITY[sdk=iphoneos*]" = "iPhone Developer";
				COPY_PHASE_STRIP = NO;
				DEBUG_INFORMATION_FORMAT = "dwarf-with-dsym";
				ENABLE_NS_ASSERTIONS = NO;
				ENABLE_STRICT_OBJC_MSGSEND = YES;
				GCC_C_LANGUAGE_STANDARD = gnu99;
				GCC_NO_COMMON_BLOCKS = YES;
				GCC_WARN_64_TO_32_BIT_CONVERSION = YES;
				GCC_WARN_ABOUT_RETURN_TYPE = YES_ERROR;
				GCC_WARN_UNDECLARED_SELECTOR = YES;
				GCC_WARN_UNINITIALIZED_AUTOS = YES_AGGRESSIVE;
				GCC_WARN_UNUSED_FUNCTION = YES;
				GCC_WARN_UNUSED_VARIABLE = YES;
				IPHONEOS_DEPLOYMENT_TARGET = 9.0;
				MTL_ENABLE_DEBUG_INFO = NO;
				SDKROOT = iphoneos;
				TARGETED_DEVICE_FAMILY = "1,2";
				VALIDATE_PRODUCT = YES;
			};
			name = Release;
		};
		AAFA67C31BB86405009BD1BD /* Debug */ = {
			isa = XCBuildConfiguration;
			baseConfigurationReference = E7EFBCA2DB8EABDB2C54F99D /* Pods.debug.xcconfig */;
			buildSettings = {
				ASSETCATALOG_COMPILER_APPICON_NAME = AppIcon;
				FRAMEWORK_SEARCH_PATHS = (
					"$(inherited)",
					"$(PROJECT_DIR)",
				);
				INFOPLIST_FILE = FoodTracker/Info.plist;
				LD_RUNPATH_SEARCH_PATHS = "$(inherited) @executable_path/Frameworks";
				PRODUCT_BUNDLE_IDENTIFIER = com.wordpress.katieexpatriated.FoodTracker;
				PRODUCT_NAME = "$(TARGET_NAME)";
			};
			name = Debug;
		};
		AAFA67C41BB86405009BD1BD /* Release */ = {
			isa = XCBuildConfiguration;
			baseConfigurationReference = 5536AA486156A7325F231D43 /* Pods.release.xcconfig */;
			buildSettings = {
				ASSETCATALOG_COMPILER_APPICON_NAME = AppIcon;
				FRAMEWORK_SEARCH_PATHS = (
					"$(inherited)",
					"$(PROJECT_DIR)",
				);
				INFOPLIST_FILE = FoodTracker/Info.plist;
				LD_RUNPATH_SEARCH_PATHS = "$(inherited) @executable_path/Frameworks";
				PRODUCT_BUNDLE_IDENTIFIER = com.wordpress.katieexpatriated.FoodTracker;
				PRODUCT_NAME = "$(TARGET_NAME)";
			};
			name = Release;
		};
		AAFA67C61BB86405009BD1BD /* Debug */ = {
			isa = XCBuildConfiguration;
			buildSettings = {
				BUNDLE_LOADER = "$(TEST_HOST)";
				INFOPLIST_FILE = FoodTrackerTests/Info.plist;
				LD_RUNPATH_SEARCH_PATHS = "$(inherited) @executable_path/Frameworks @loader_path/Frameworks";
				PRODUCT_BUNDLE_IDENTIFIER = com.wordpress.katieexpatriated.FoodTrackerTests;
				PRODUCT_NAME = "$(TARGET_NAME)";
				TEST_HOST = "$(BUILT_PRODUCTS_DIR)/FoodTracker.app/FoodTracker";
			};
			name = Debug;
		};
		AAFA67C71BB86405009BD1BD /* Release */ = {
			isa = XCBuildConfiguration;
			buildSettings = {
				BUNDLE_LOADER = "$(TEST_HOST)";
				INFOPLIST_FILE = FoodTrackerTests/Info.plist;
				LD_RUNPATH_SEARCH_PATHS = "$(inherited) @executable_path/Frameworks @loader_path/Frameworks";
				PRODUCT_BUNDLE_IDENTIFIER = com.wordpress.katieexpatriated.FoodTrackerTests;
				PRODUCT_NAME = "$(TARGET_NAME)";
				TEST_HOST = "$(BUILT_PRODUCTS_DIR)/FoodTracker.app/FoodTracker";
			};
			name = Release;
		};
/* End XCBuildConfiguration section */

/* Begin XCConfigurationList section */
		AAFA67A01BB86405009BD1BD /* Build configuration list for PBXProject "FoodTracker" */ = {
			isa = XCConfigurationList;
			buildConfigurations = (
				AAFA67C01BB86405009BD1BD /* Debug */,
				AAFA67C11BB86405009BD1BD /* Release */,
			);
			defaultConfigurationIsVisible = 0;
			defaultConfigurationName = Release;
		};
		AAFA67C21BB86405009BD1BD /* Build configuration list for PBXNativeTarget "FoodTracker" */ = {
			isa = XCConfigurationList;
			buildConfigurations = (
				AAFA67C31BB86405009BD1BD /* Debug */,
				AAFA67C41BB86405009BD1BD /* Release */,
			);
			defaultConfigurationIsVisible = 0;
			defaultConfigurationName = Release;
		};
		AAFA67C51BB86405009BD1BD /* Build configuration list for PBXNativeTarget "FoodTrackerTests" */ = {
			isa = XCConfigurationList;
			buildConfigurations = (
				AAFA67C61BB86405009BD1BD /* Debug */,
				AAFA67C71BB86405009BD1BD /* Release */,
			);
			defaultConfigurationIsVisible = 0;
			defaultConfigurationName = Release;
		};
/* End XCConfigurationList section */
	};
	rootObject = AAFA679D1BB86405009BD1BD /* Project object */;
}
